{
  "requires": true,
  "lockfileVersion": 1,
  "dependencies": {
    "bplist-parser": {
      "version": "0.0.6",
      "resolved": "https://registry.npmjs.org/bplist-parser/-/bplist-parser-0.0.6.tgz",
      "integrity": "sha1-ONo0cYF9+dRKs4kuJ3B7u9daEbk=",
      "optional": true
    },
    "debug": {
      "version": "2.2.0",
      "resolved": "http://registry.npmjs.org/debug/-/debug-2.2.0.tgz",
      "integrity": "sha1-+HBX6ZWxofauaklgZkE3vFbwOdo=",
      "requires": {
        "ms": "0.7.1"
      }
    },
    "dnssd": {
      "version": "0.4.1",
      "resolved": "https://registry.npmjs.org/dnssd/-/dnssd-0.4.1.tgz",
      "integrity": "sha512-mEz5Ii+o+k3kYHTXY6fTLOjCwraX8TQowIgUySAbEYuGqtSMbfBc/tvDZ8wGPywnmlLE6/XeXi6qPcAKVTvPUQ=="
    },
    "fast-srp-hap": {
      "version": "1.0.1",
      "resolved": "https://registry.npmjs.org/fast-srp-hap/-/fast-srp-hap-1.0.1.tgz",
      "integrity": "sha1-N3Ek0Za8alFXquWze/X6NbtK0tk="
    },
    "hap-controller": {
      "version": "0.1.6",
      "resolved": "https://registry.npmjs.org/hap-controller/-/hap-controller-0.1.6.tgz",
      "integrity": "sha512-1rcD0InNLl1VOy+kfZsIH72VPCdItt3jYt2UEJln0KdKgUjazz8MkItggF1jl7TmUNe6lC8O5OIvIrGAjKhvHg==",
      "requires": {
        "dnssd": "0.4.1",
        "fast-srp-hap": "1.0.1",
        "hkdf": "0.0.2",
        "http-parser-js": "0.5.0",
        "libsodium-wrappers": "0.7.3",
        "noble": "1.9.1",
        "uuid": "3.3.2"
      }
    },
    "hkdf": {
      "version": "0.0.2",
      "resolved": "https://registry.npmjs.org/hkdf/-/hkdf-0.0.2.tgz",
      "integrity": "sha1-L422Ff3vhwIB+C0rYZym00fQZH4="
    },
    "http-parser-js": {
      "version": "0.5.0",
      "resolved": "https://registry.npmjs.org/http-parser-js/-/http-parser-js-0.5.0.tgz",
      "integrity": "sha512-cZdEF7r4gfRIq7ezX9J0T+kQmJNOub71dWbgAXVHDct80TKP4MCETtZQ31xyv38UwgzkWPYF/Xc0ge55dW9Z9w=="
    },
    "libsodium": {
      "version": "0.7.3",
      "resolved": "https://registry.npmjs.org/libsodium/-/libsodium-0.7.3.tgz",
      "integrity": "sha512-ld+deUNqSsZYbAobUs63UyduPq8ICp/Ul/5lbvBIYpuSNWpPRU0PIxbW+xXipVZtuopR6fIz9e0tTnNuPMNeqw=="
    },
    "libsodium-wrappers": {
      "version": "0.7.3",
      "resolved": "https://registry.npmjs.org/libsodium-wrappers/-/libsodium-wrappers-0.7.3.tgz",
      "integrity": "sha512-dw5Jh6TZ5qc5rQVZe3JrSO/J05CE+DmAPnqD7Q2glBUE969xZ6o3fchnUxyPlp6ss3x0MFxmdJntveFN+XTg1g==",
      "requires": {
        "libsodium": "0.7.3"
      }
    },
    "ms": {
      "version": "0.7.1",
      "resolved": "http://registry.npmjs.org/ms/-/ms-0.7.1.tgz",
      "integrity": "sha1-nNE8A62/8ltl7/3nzoZO6VIBcJg="
    },
    "nan": {
      "version": "2.11.1",
      "resolved": "https://registry.npmjs.org/nan/-/nan-2.11.1.tgz",
      "integrity": "sha512-iji6k87OSXa0CcrLl9z+ZiYSuR2o+c0bGuNmXdrhTQTakxytAFsC56SArGYoiHlJlFoHSnvmhpceZJaXkVuOtA==",
      "optional": true
    },
    "noble": {
      "version": "1.9.1",
      "resolved": "https://registry.npmjs.org/noble/-/noble-1.9.1.tgz",
      "integrity": "sha1-LM0x6tjsktv/bxmkLkILJYvNzdA=",
      "requires": {
        "bplist-parser": "0.0.6",
        "debug": "2.2.0",
        "xpc-connection": "0.1.4"
      }
    },
    "uuid": {
      "version": "3.3.2",
      "resolved": "https://registry.npmjs.org/uuid/-/uuid-3.3.2.tgz",
      "integrity": "sha512-yXJmeNaw3DnnKAOKJE51sL/ZaYfWJRl1pK9dr19YFCu0ObS231AB1/LbqTKRAQ5kw8A90rA6fr4riOUpTZvQZA=="
    },
    "xpc-connection": {
      "version": "0.1.4",
      "resolved": "https://registry.npmjs.org/xpc-connection/-/xpc-connection-0.1.4.tgz",
      "integrity": "sha1-3Nf6oq7Gt6bhjMXdrQQvejTHcVY=",
      "optional": true,
      "requires": {
        "nan": "2.11.1"
      }
    }
  }
}
